{
  "version": 1,
  "dependencies": {
    "net10.0": {
      "coverlet.collector": {
        "type": "Direct",
        "requested": "[6.0.0, )",
        "resolved": "6.0.0",
        "contentHash": "tW3lsNS+dAEII6YGUX/VMoJjBS1QvsxqJeqLaJXub08y1FSjasFPtQ4UBUsudE9PNrzLjooClMsPtY2cZLdXpQ=="
      },
      "Microsoft.NET.Test.Sdk": {
        "type": "Direct",
        "requested": "[17.8.0, )",
        "resolved": "17.8.0",
        "contentHash": "BmTYGbD/YuDHmApIENdoyN1jCk0Rj1fJB0+B/fVekyTdVidr91IlzhqzytiUgaEAzL1ZJcYCme0MeBMYvJVzvw==",
        "dependencies": {
          "Microsoft.CodeCoverage": "17.8.0",
          "Microsoft.TestPlatform.TestHost": "17.8.0"
        }
      },
      "Moq": {
        "type": "Direct",
        "requested": "[4.20.72, )",
        "resolved": "4.20.72",
        "contentHash": "EA55cjyNn8eTNWrgrdZJH5QLFp2L43oxl1tlkoYUKIE9pRwL784OWiTXeCV5ApS+AMYEAlt7Fo03A2XfouvHmQ==",
        "dependencies": {
          "Castle.Core": "5.1.1"
        }
      },
      "xunit": {
        "type": "Direct",
        "requested": "[2.5.3, )",
        "resolved": "2.5.3",
        "contentHash": "VxYDiWSwrLxOJ3UEN+ZPrBybB0SFShQ1E6PjT65VdoKCJhorgerFznThjSwawRH/WAip73YnucDVsE8WRj/8KQ==",
        "dependencies": {
          "xunit.analyzers": "1.4.0",
          "xunit.assert": "2.5.3",
          "xunit.core": "[2.5.3]"
        }
      },
      "xunit.runner.visualstudio": {
        "type": "Direct",
        "requested": "[2.5.3, )",
        "resolved": "2.5.3",
        "contentHash": "HFFL6O+QLEOfs555SqHii48ovVa4CqGYanY+B32BjLpPptdE+wEJmCFNXlLHdEOD5LYeayb9EroaUpydGpcybg=="
      },
      "AngleSharp": {
        "type": "Transitive",
        "resolved": "1.6.0",
        "contentHash": "kVnhnZlM4Yww2KWqW3uSL8isvhYsrTTBMSPAgoF8ZhMrLSoay6783AP6dQxAj1J9gvWKi3OIM4ZezdE2Y4ufCQ=="
      },
      "AngleSharp.Css": {
        "type": "Transitive",
        "resolved": "1.0.0",
        "contentHash": "yMpYcNkI/ZHTt+qZMczhHEAHZV0AZf75nqJ5LqERFXvJGOFLJjwr0eqaYXqYlt9JPojOd+OkZLlGbnsmKjmh+g==",
        "dependencies": {
          "AngleSharp": "[1.5.0, 2.0.0)"
        }
      },
      "AutoMapper": {
        "type": "Transitive",
        "resolved": "16.1.1",
        "contentHash": "VNEky8JA15ci+oIDRGHITOGOpV4dILsf8pnn24QhDl2urtqgJ2IXiS/V2EtGU17P/+f6OeFQPJETaZXV9QOIZg==",
        "dependencies": {
          "Microsoft.Extensions.Logging.Abstractions": "10.0.0",
          "Microsoft.Extensions.Options": "10.0.0",
          "Microsoft.IdentityModel.JsonWebTokens": "8.14.0"
        }
      },
      "BouncyCastle.Cryptography": {
        "type": "Transitive",
        "resolved": "2.6.2",
        "contentHash": "7oWOcvnntmMKNzDLsdxAYqApt+AjpRpP2CShjMfIa3umZ42UQMvH0tl1qAliYPNYO6vTdcGMqnRrCPmsfzTI1w=="
      },
      "Castle.Core": {
        "type": "Transitive",
        "resolved": "5.1.1",
        "contentHash": "rpYtIczkzGpf+EkZgDr9CClTdemhsrwA/W5hMoPjLkRFnXzH44zDLoovXeKtmxb1ykXK9aJVODSpiJml8CTw2g==",
        "dependencies": {
          "System.Diagnostics.EventLog": "6.0.0"
        }
      },
      "HtmlSanitizer": {
        "type": "Transitive",
        "resolved": "9.1.973",
        "contentHash": "0gDDlj8SZiYFn9fxdWOrxp5mO9y+5jOE0dunOzJ6EELr/FBtlPasvdLR/K3YVgbo4FiPKT3YomlarsvhLm/H2A==",
        "dependencies": {
          "AngleSharp": "1.6.0",
          "AngleSharp.Css": "1.0.0"
        }
      },
      "MailKit": {
        "type": "Transitive",
        "resolved": "4.16.0",
        "contentHash": "trJ82DOpAmo8i1jO1vNE+dGn4mPRyeYfy4swRcAGgMJhPoI1Kohf4OFJJf0+YIj4iUxgxPn8W+ht7e7KiYzSjg==",
        "dependencies": {
          "MimeKit": "4.16.0"
        }
      },
      "Microsoft.AspNetCore.Cryptography.Internal": {
        "type": "Transitive",
        "resolved": "10.0.6",
        "contentHash": "uilNcQcBAXgf/hJl5cVwXkYd2frzHatkcnXXNZ26d9geELozdQnbY6XkP2QAiJV2RL2B5wU7NWdnXkpb+mLLhg=="
      },
      "Microsoft.AspNetCore.Cryptography.KeyDerivation": {
        "type": "Transitive",
        "resolved": "10.0.6",
        "contentHash": "uIxxPb3NQ2SiPfA6x7ze7TbqlqwC30IJHythvX2USvv81Akp0wfWvVHis8VxHaurDJIhWOt94n+taJuEzrtNnA==",
        "dependencies": {
          "Microsoft.AspNetCore.Cryptography.Internal": "10.0.6"
        }
      },
      "Microsoft.CodeCoverage": {
        "type": "Transitive",
        "resolved": "17.8.0",
        "contentHash": "KC8SXWbGIdoFVdlxKk9WHccm0llm9HypcHMLUUFabRiTS3SO2fQXNZfdiF3qkEdTJhbRrxhdRxjL4jbtwPq4Ew=="
      },
      "Microsoft.Extensions.Caching.Abstractions": {
        "type": "Transitive",
        "resolved": "10.0.6",
        "contentHash": "Ilr690V+E1H116ncF00KIlvRloKXBdCExaNqcT9BvCcS5nFGR1pcTamSA2EI8pOXbNp0DHZm8K8h6Wl1hMSbIQ==",
        "dependencies": {
          "Microsoft.Extensions.Primitives": "10.0.6"
        }
      },
      "Microsoft.Extensions.Caching.Memory": {
        "type": "Transitive",
        "resolved": "10.0.6",
        "contentHash": "5godKXBBsObgl/dBQKgrFeHFd6vVVOMGK3TuKLPNlwJgabFKl5vISSHLw5hWUtd+zKcl/Llmw25dsGlySxXJJg==",
        "dependencies": {
          "Microsoft.Extensions.Caching.Abstractions": "10.0.6",
          "Microsoft.Extensions.DependencyInjection.Abstractions": "10.0.6",
          "Microsoft.Extensions.Logging.Abstractions": "10.0.6",
          "Microsoft.Extensions.Options": "10.0.6",
          "Microsoft.Extensions.Primitives": "10.0.6"
        }
      },
      "Microsoft.Extensions.Configuration": {
        "type": "Transitive",
        "resolved": "10.0.6",
        "contentHash": "lYQ9S1FGXIWIU7243RimdAXQYsFDeLhSSZvbSDwbeI/kCzZ4MIYXpp3kMQ+bDJXwl9pzMRIYkd4f9zGqcYxfAQ==",
        "dependencies": {
          "Microsoft.Extensions.Configuration.Abstractions": "10.0.6",
          "Microsoft.Extensions.Primitives": "10.0.6"
        }
      },
      "Microsoft.Extensions.Configuration.Abstractions": {
        "type": "Transitive",
        "resolved": "10.0.6",
        "contentHash": "a7bA7IT3ngIgcOMb/2MVH5CcfSxUCeQ6QXWS1Vt6oFpzLTH3U1+J2Xtc64Uw3whX9akYG8eR/UQeEzxo64zZLg==",
        "dependencies": {
          "Microsoft.Extensions.Primitives": "10.0.6"
        }
      },
      "Microsoft.Extensions.DependencyInjection.Abstractions": {
        "type": "Transitive",
        "resolved": "10.0.6",
        "contentHash": "w+dX4SIr1X9yegX2yX2dU1XtP4JAUVNdvOG/Evn+H+ndn96YzfIPX52FALXChrRNWFR9l77FQyg1mB7WQo6iOA=="
      },
      "Microsoft.Extensions.Logging.Abstractions": {
        "type": "Transitive",
        "resolved": "10.0.6",
        "contentHash": "1YgBO3wAy0dlpQyVTKWBSPND/t0yZHsvd3shGpbeEwH8JSb2hnFI2pNFrOOUi/stsp+T/dqwqmRIGh47ibo9bw==",
        "dependencies": {
          "Microsoft.Extensions.DependencyInjection.Abstractions": "10.0.6"
        }
      },
      "Microsoft.Extensions.ObjectPool": {
        "type": "Transitive",
        "resolved": "6.0.16",
        "contentHash": "OVX5tlKg6LY+XKqlUn7i9KY+6Liut0iewWff2DNr7129i/NJ8rpUzbmxavPydZgcLREEWHklXZiPKCS895tNIQ=="
      },
      "Microsoft.Extensions.Options": {
        "type": "Transitive",
        "resolved": "10.0.6",
        "contentHash": "v5RTWm+3Gdub21ADJeRG5bunOOxutFNBZk6qGH6Az4L5nyRZoLe3Kse7jfAyUcdEoiKp72XpNw/wGR+9wP+MtQ==",
        "dependencies": {
          "Microsoft.Extensions.DependencyInjection.Abstractions": "10.0.6",
          "Microsoft.Extensions.Primitives": "10.0.6"
        }
      },
      "Microsoft.Extensions.Primitives": {
        "type": "Transitive",
        "resolved": "10.0.6",
        "contentHash": "L8P21mqaG+CXvPheLndean/cHCOcItJqH8nx+0YQnK7wAiOR0G1IOC418ZSzTMD2D6Gmo0f2M5WR70XtpX2B8g=="
      },
      "Microsoft.IdentityModel.Abstractions": {
        "type": "Transitive",
        "resolved": "8.14.0",
        "contentHash": "iwbCpSjD3ehfTwBhtSNEtKPK0ICun6ov7Ibx6ISNA9bfwIyzI2Siwyi9eJFCJBwxowK9xcA1mj+jBWiigeqgcQ=="
      },
      "Microsoft.IdentityModel.JsonWebTokens": {
        "type": "Transitive",
        "resolved": "8.14.0",
        "contentHash": "4jOpiA4THdtpLyMdAb24dtj7+6GmvhOhxf5XHLYWmPKF8ApEnApal1UnJsKO4HxUWRXDA6C4WQVfYyqsRhpNpQ==",
        "dependencies": {
          "Microsoft.IdentityModel.Tokens": "8.14.0"
        }
      },
      "Microsoft.IdentityModel.Logging": {
        "type": "Transitive",
        "resolved": "8.14.0",
        "contentHash": "eqqnemdW38CKZEHS6diA50BV94QICozDZEvSrsvN3SJXUFwVB9gy+/oz76gldP7nZliA16IglXjXTCTdmU/Ejg==",
        "dependencies": {
          "Microsoft.IdentityModel.Abstractions": "8.14.0"
        }
      },
      "Microsoft.IdentityModel.Protocols.WsTrust": {
        "type": "Transitive",
        "resolved": "6.8.0",
        "contentHash": "KiRRp/pAtbJtyK7wPIiUW1FMna1T0IEizDWFL9R0C60jk6t66U95fo0SPl3ztOkmnS4v7uF1zWjfAEgZ/i+Zhg==",
        "dependencies": {
          "Microsoft.IdentityModel.Tokens.Saml": "6.8.0",
          "Microsoft.IdentityModel.Xml": "6.8.0"
        }
      },
      "Microsoft.IdentityModel.Tokens": {
        "type": "Transitive",
        "resolved": "8.14.0",
        "contentHash": "lKIZiBiGd36k02TCdMHp1KlNWisyIvQxcYJvIkz7P4gSQ9zi8dgh6S5Grj8NNG7HWYIPfQymGyoZ6JB5d1Lo1g==",
        "dependencies": {
          "Microsoft.Extensions.Logging.Abstractions": "8.0.0",
          "Microsoft.IdentityModel.Logging": "8.14.0"
        }
      },
      "Microsoft.IdentityModel.Tokens.Saml": {
        "type": "Transitive",
        "resolved": "6.8.0",
        "contentHash": "zRbtJ7Kvr2RMcXi4g4ta3og/wX0GZpLGfb/h7aohwNAaUtCooRpx7Gl8Cv7tn4FDAp6MZwBQL/w0jMeyVTkjPQ==",
        "dependencies": {
          "Microsoft.IdentityModel.Tokens": "6.8.0",
          "Microsoft.IdentityModel.Xml": "6.8.0"
        }
      },
      "Microsoft.IdentityModel.Xml": {
        "type": "Transitive",
        "resolved": "6.8.0",
        "contentHash": "p2DOCNVVOQpxfx9c3FW0kJve2jAAZB/zecWsi9S5fpznbJ/VcH0zxKdz6wIXjDQgwf2xg/u/k58uHiS/o+0qiA==",
        "dependencies": {
          "Microsoft.IdentityModel.Tokens": "6.8.0"
        }
      },
      "Microsoft.NETCore.Platforms": {
        "type": "Transitive",
        "resolved": "1.1.0",
        "contentHash": "kz0PEW2lhqygehI/d6XsPCQzD7ff7gUJaVGPVETX611eadGsA3A877GdSlU0LRVMCTH/+P3o2iDTak+S08V2+A=="
      },
      "Microsoft.TestPlatform.ObjectModel": {
        "type": "Transitive",
        "resolved": "17.8.0",
        "contentHash": "AYy6vlpGMfz5kOFq99L93RGbqftW/8eQTqjT9iGXW6s9MRP3UdtY8idJ8rJcjeSja8A18IhIro5YnH3uv1nz4g==",
        "dependencies": {
          "NuGet.Frameworks": "6.5.0"
        }
      },
      "Microsoft.TestPlatform.TestHost": {
        "type": "Transitive",
        "resolved": "17.8.0",
        "contentHash": "9ivcl/7SGRmOT0YYrHQGohWiT5YCpkmy/UEzldfVisLm6QxbLaK3FAJqZXI34rnRLmqqDCeMQxKINwmKwAPiDw==",
        "dependencies": {
          "Microsoft.TestPlatform.ObjectModel": "17.8.0",
          "Newtonsoft.Json": "13.0.1"
        }
      },
      "MimeKit": {
        "type": "Transitive",
        "resolved": "4.16.0",
        "contentHash": "X0LFxeM4gPRIhODyY/HYS9b+zRZ7y//v59rFzgS6wLxcPuZThnMtNZHtrr0fjLyRRkg3gqJBtvW36XfUzZ7Djw==",
        "dependencies": {
          "BouncyCastle.Cryptography": "2.6.2",
          "System.Security.Cryptography.Pkcs": "10.0.0"
        }
      },
      "NETStandard.Library": {
        "type": "Transitive",
        "resolved": "1.6.1",
        "contentHash": "WcSp3+vP+yHNgS8EV5J7pZ9IRpeDuARBPN28by8zqff1wJQXm26PVU8L3/fYLBJVU7BtDyqNVWq2KlCVvSSR4A==",
        "dependencies": {
          "Microsoft.NETCore.Platforms": "1.1.0"
        }
      },
      "Newtonsoft.Json": {
        "type": "Transitive",
        "resolved": "13.0.3",
        "contentHash": "HrC5BXdl00IP9zeV+0Z848QWPAoCr9P3bDEZguI+gkLcBKAOxix/tLEAAHC+UvDNPv4a2d18lOReHMOagPa+zQ=="
      },
      "NuGet.Frameworks": {
        "type": "Transitive",
        "resolved": "6.5.0",
        "contentHash": "QWINE2x3MbTODsWT1Gh71GaGb5icBz4chS8VYvTgsBnsi8esgN6wtHhydd7fvToWECYGq7T4cgBBDiKD/363fg=="
      },
      "System.Diagnostics.EventLog": {
        "type": "Transitive",
        "resolved": "6.0.0",
        "contentHash": "lcyUiXTsETK2ALsZrX+nWuHSIQeazhqPphLfaRxzdGaG93+0kELqpgEHtwWOlQe7+jSFnKwaCAgL4kjeZCQJnw=="
      },
      "System.IdentityModel.Tokens.Jwt": {
        "type": "Transitive",
        "resolved": "8.2.1",
        "contentHash": "GVQmbjr2N8awFWPTWyThLxgKnFINObG1P+oX7vFrBY8um3V7V7Dh3wnxaGxNH6v6lSTeVQrY+SaUUBX9H3TPcw==",
        "dependencies": {
          "Microsoft.IdentityModel.JsonWebTokens": "8.2.1",
          "Microsoft.IdentityModel.Tokens": "8.2.1"
        }
      },
      "System.Security.Cryptography.Pkcs": {
        "type": "Transitive",
        "resolved": "10.0.0",
        "contentHash": "UPWqLSygJlFerRi9XNIuM0a1VC8gHUIufyP24xQ0sc+XimqUAEcjpOz9DhKpyDjH+5B/wO3RpC0KpkEeDj/ddg=="
      },
      "System.Security.Cryptography.Xml": {
        "type": "Transitive",
        "resolved": "6.0.1",
        "contentHash": "5e5bI28T0x73AwTsbuFP4qSRzthmU2C0Gqgg3AZ3KTxmSyA+Uhk31puA3srdaeWaacVnHhLdJywCzqOiEpbO/w==",
        "dependencies": {
          "System.Security.Cryptography.Pkcs": "6.0.1"
        }
      },
      "System.ServiceModel.Duplex": {
        "type": "Transitive",
        "resolved": "6.0.0",
        "contentHash": "Gyz/xzC3IdJjDDK9E4ii4MHsDBfQpX1NiO0aANdSJJOnlaxeFu/J8k5RdbRmm0EC8BA/UPHZ9zqQz26gtFeh2Q==",
        "dependencies": {
          "System.ServiceModel.Primitives": "6.0.0"
        }
      },
      "System.ServiceModel.Federation": {
        "type": "Transitive",
        "resolved": "6.0.0",
        "contentHash": "aR25hZ27MhrG6vrjN5Z4N4xfj0wcP2Gey5p5JEAADuw1smtsV621ctg1xekhvTvTTymaQHUpnzy6dJ8Ljm0ukQ==",
        "dependencies": {
          "Microsoft.IdentityModel.Protocols.WsTrust": "6.8.0",
          "System.ServiceModel.Http": "6.0.0",
          "System.ServiceModel.Primitives": "6.0.0"
        }
      },
      "System.ServiceModel.Http": {
        "type": "Transitive",
        "resolved": "6.0.0",
        "contentHash": "hHIv339ehbkFMkZROzSxL9IdG5prE/M1BMQaqBNsFfVOlPVo7prhG/v0G+YKebw2jTp5vJv+JRuzsTQqLmcC7g==",
        "dependencies": {
          "System.ServiceModel.Primitives": "6.0.0"
        }
      },
      "System.ServiceModel.NetFramingBase": {
        "type": "Transitive",
        "resolved": "6.0.0",
        "contentHash": "uQK/VWDyPhTgmiTRUL4XxgMlMpS/i/wZT/igYzZWZYmArliHGZ6gd246bypqEJXVgQ0vSY/pZvZ4FxDn0SHhdg==",
        "dependencies": {
          "System.ServiceModel.Primitives": "6.0.0"
        }
      },
      "System.ServiceModel.NetTcp": {
        "type": "Transitive",
        "resolved": "6.0.0",
        "contentHash": "MddP1r0TCNOM+ZkP0d2yMLD/GqN8n0w/QkenqglhAgziXh6ISswgKdXPMqfD9pZYevZzYbtrNqHmjRqzBJLCSw==",
        "dependencies": {
          "System.ServiceModel.NetFramingBase": "6.0.0",
          "System.ServiceModel.Primitives": "6.0.0"
        }
      },
      "System.ServiceModel.Primitives": {
        "type": "Transitive",
        "resolved": "6.0.0",
        "contentHash": "uGyB5FMdwiBmSgJtB0x9mWUuGYj/RbXjh8I6FtsZmUAVcFc6qjOasHPHnflHUk+Qqbx7cAFugDUa2HFRtDe1QA==",
        "dependencies": {
          "Microsoft.Extensions.ObjectPool": "6.0.16",
          "System.Security.Cryptography.Xml": "6.0.1"
        }
      },
      "System.ServiceModel.Security": {
        "type": "Transitive",
        "resolved": "6.0.0",
        "contentHash": "r/8fNXE/tzUgglw63px4jGc+Tdm3bh4nsMsAA2OvJYch9s4F243l549kBK9myqUVNp9FqnrTGn/1xNK1vh0LGQ==",
        "dependencies": {
          "System.ServiceModel.Primitives": "6.0.0"
        }
      },
      "xunit.abstractions": {
        "type": "Transitive",
        "resolved": "2.0.3",
        "contentHash": "pot1I4YOxlWjIb5jmwvvQNbTrZ3lJQ+jUGkGjWE3hEFM0l5gOnBWS+H3qsex68s5cO52g+44vpGzhAt+42vwKg=="
      },
      "xunit.analyzers": {
        "type": "Transitive",
        "resolved": "1.4.0",
        "contentHash": "7ljnTJfFjz5zK+Jf0h2dd2QOSO6UmFizXsojv/x4QX7TU5vEgtKZPk9RvpkiuUqg2bddtNZufBoKQalsi7djfA=="
      },
      "xunit.assert": {
        "type": "Transitive",
        "resolved": "2.5.3",
        "contentHash": "MK3HiBckO3vdxEdUxXZyyRPsBNPsC/nz6y1gj/UZIZkjMnsVQyZPU8yxS/3cjTchYcqskt/nqUOS5wmD8JezdQ==",
        "dependencies": {
          "NETStandard.Library": "1.6.1"
        }
      },
      "xunit.core": {
        "type": "Transitive",
        "resolved": "2.5.3",
        "contentHash": "FE8yEEUkoMLd6kOHDXm/QYfX/dYzwc0c+Q4MQon6VGRwFuy6UVGwK/CFA5LEea+ZBEmcco7AEl2q78VjsA0j/w==",
        "dependencies": {
          "xunit.extensibility.core": "[2.5.3]",
          "xunit.extensibility.execution": "[2.5.3]"
        }
      },
      "xunit.extensibility.core": {
        "type": "Transitive",
        "resolved": "2.5.3",
        "contentHash": "IjAQlPeZWXP89pl1EuOG9991GH1qgAL0rQfkmX2UV+PDenbYb7oBnQopL9ujE6YaXxgaQazp7lFjsDyyxD6Mtw==",
        "dependencies": {
          "NETStandard.Library": "1.6.1",
          "xunit.abstractions": "2.0.3"
        }
      },
      "xunit.extensibility.execution": {
        "type": "Transitive",
        "resolved": "2.5.3",
        "contentHash": "w9eGCHl+gJj1GzZSf0VTzYPp/gv4fiUDkr+yR7/Wv9/ucO2CHltGg2TnyySLFjzekkjuxVJZUE+tZyDNzryJFw==",
        "dependencies": {
          "NETStandard.Library": "1.6.1",
          "xunit.extensibility.core": "[2.5.3]"
        }
      },
      "epay3.test.common": {
        "type": "Project",
        "dependencies": {
          "Epay3Service": "[1.0.0, )",
          "Newtonsoft.Json": "[13.0.3, )"
        }
      },
      "epay3service": {
        "type": "Project",
        "dependencies": {
          "AutoMapper": "[16.1.1, )",
          "HtmlSanitizer": "[9.1.973, )",
          "MailKit": "[4.16.0, )",
          "Microsoft.AspNetCore.Cryptography.KeyDerivation": "[10.0.6, )",
          "Microsoft.Extensions.Caching.Abstractions": "[10.0.6, )",
          "Microsoft.Extensions.Caching.Memory": "[10.0.6, )",
          "Microsoft.Extensions.Configuration": "[10.0.6, )",
          "Microsoft.Extensions.Logging.Abstractions": "[10.0.6, )",
          "Newtonsoft.Json": "[13.0.3, )",
          "System.IdentityModel.Tokens.Jwt": "[8.2.1, )",
          "System.ServiceModel.Duplex": "[6.0.*, )",
          "System.ServiceModel.Federation": "[6.0.*, )",
          "System.ServiceModel.Http": "[6.0.*, )",
          "System.ServiceModel.NetTcp": "[6.0.*, )",
          "System.ServiceModel.Security": "[6.0.*, )"
        }
      }
    }
  }
}