{
  "version": 1,
  "dependencies": {
    "net10.0": {
      "AutoMapper": {
        "type": "Direct",
        "requested": "[16.1.1, )",
        "resolved": "16.1.1",
        "contentHash": "VNEky8JA15ci+oIDRGHITOGOpV4dILsf8pnn24QhDl2urtqgJ2IXiS/V2EtGU17P/+f6OeFQPJETaZXV9QOIZg==",
        "dependencies": {
          "Microsoft.IdentityModel.JsonWebTokens": "8.14.0"
        }
      },
      "MailKit": {
        "type": "Direct",
        "requested": "[4.16.0, )",
        "resolved": "4.16.0",
        "contentHash": "trJ82DOpAmo8i1jO1vNE+dGn4mPRyeYfy4swRcAGgMJhPoI1Kohf4OFJJf0+YIj4iUxgxPn8W+ht7e7KiYzSjg==",
        "dependencies": {
          "MimeKit": "4.16.0"
        }
      },
      "Microsoft.AspNetCore.Authentication.JwtBearer": {
        "type": "Direct",
        "requested": "[10.0.6, )",
        "resolved": "10.0.6",
        "contentHash": "JVPyTTr5J/Z5PikptDP2g8qwNJBJ09GZ7yHpaPDAMZ0qKeA2ZKqpZhUNJk1clBqZJeMj2T7gZ5o6oOrmLxuBdw==",
        "dependencies": {
          "Microsoft.IdentityModel.Protocols.OpenIdConnect": "8.0.1"
        }
      },
      "Microsoft.AspNetCore.SpaProxy": {
        "type": "Direct",
        "requested": "[10.0.6, )",
        "resolved": "10.0.6",
        "contentHash": "m7dB5DTFFnXodL55eeCI1B4GTNgouwIc7N90l59gn7wdZi9zgsG/CleQP90RH0dKlsmWWBHm1QiDhikt/oa69g=="
      },
      "Microsoft.FeatureManagement.AspNetCore": {
        "type": "Direct",
        "requested": "[4.5.0, )",
        "resolved": "4.5.0",
        "contentHash": "CafI8Ne0xuXRNzHMoRGAX4WRvLxpTE7RceBncgME/fRcPD2KwYrxfZpLyJ/kVfYt8uvHkC2xy0VlStj687mVoA==",
        "dependencies": {
          "Microsoft.FeatureManagement": "4.5.0"
        }
      },
      "Microsoft.TypeScript.MSBuild": {
        "type": "Direct",
        "requested": "[5.3.2, )",
        "resolved": "5.3.2",
        "contentHash": "YZCpi5h1RKzykPr4ObCKiHwoaqapwYZa+8yMpujdCFUgc3LScujVoTHFPfYu3Z5/iIRPBi9E54cWWvuPDnBpCA=="
      },
      "MimeKit": {
        "type": "Direct",
        "requested": "[4.16.0, )",
        "resolved": "4.16.0",
        "contentHash": "X0LFxeM4gPRIhODyY/HYS9b+zRZ7y//v59rFzgS6wLxcPuZThnMtNZHtrr0fjLyRRkg3gqJBtvW36XfUzZ7Djw==",
        "dependencies": {
          "BouncyCastle.Cryptography": "2.6.2",
          "System.Security.Cryptography.Pkcs": "10.0.0"
        }
      },
      "PdfSharpCore": {
        "type": "Direct",
        "requested": "[1.3.65, )",
        "resolved": "1.3.65",
        "contentHash": "mkN1EZ1VtH4+x97DEvmno5goRU3j4myuWD7IxO9MuxRcc1iOcUfhq75RmxZSAH9dQCZhpGpLUJSkwlRRnzElAg==",
        "dependencies": {
          "SharpZipLib": "1.4.2",
          "SixLabors.Fonts": "1.0.0-beta17",
          "SixLabors.ImageSharp": "1.0.4"
        }
      },
      "SixLabors.ImageSharp": {
        "type": "Direct",
        "requested": "[3.1.12, )",
        "resolved": "3.1.12",
        "contentHash": "iAg6zifihXEFS/t7fiHhZBGAdCp3FavsF4i2ZIDp0JfeYeDVzvmlbY1CNhhIKimaIzrzSi5M/NBFcWvZT2rB/A=="
      },
      "Swashbuckle.AspNetCore": {
        "type": "Direct",
        "requested": "[7.1.0, )",
        "resolved": "7.1.0",
        "contentHash": "PpKwEZNCciDPczWPnuqaTVuN5jR/fG2RubQYgKHVWY2KB+TpvKkOrQJoF51S1yMJxygaofCM3BXlLy4PK/o8WA==",
        "dependencies": {
          "Microsoft.Extensions.ApiDescription.Server": "6.0.5",
          "Swashbuckle.AspNetCore.Swagger": "7.1.0",
          "Swashbuckle.AspNetCore.SwaggerGen": "7.1.0",
          "Swashbuckle.AspNetCore.SwaggerUI": "7.1.0"
        }
      },
      "AngleSharp": {
        "type": "Transitive",
        "resolved": "1.6.0",
        "contentHash": "kVnhnZlM4Yww2KWqW3uSL8isvhYsrTTBMSPAgoF8ZhMrLSoay6783AP6dQxAj1J9gvWKi3OIM4ZezdE2Y4ufCQ=="
      },
      "AngleSharp.Css": {
        "type": "Transitive",
        "resolved": "1.0.0",
        "contentHash": "yMpYcNkI/ZHTt+qZMczhHEAHZV0AZf75nqJ5LqERFXvJGOFLJjwr0eqaYXqYlt9JPojOd+OkZLlGbnsmKjmh+g==",
        "dependencies": {
          "AngleSharp": "[1.5.0, 2.0.0)"
        }
      },
      "BouncyCastle.Cryptography": {
        "type": "Transitive",
        "resolved": "2.6.2",
        "contentHash": "7oWOcvnntmMKNzDLsdxAYqApt+AjpRpP2CShjMfIa3umZ42UQMvH0tl1qAliYPNYO6vTdcGMqnRrCPmsfzTI1w=="
      },
      "HtmlSanitizer": {
        "type": "Transitive",
        "resolved": "9.1.973",
        "contentHash": "0gDDlj8SZiYFn9fxdWOrxp5mO9y+5jOE0dunOzJ6EELr/FBtlPasvdLR/K3YVgbo4FiPKT3YomlarsvhLm/H2A==",
        "dependencies": {
          "AngleSharp": "1.6.0",
          "AngleSharp.Css": "1.0.0"
        }
      },
      "Microsoft.Bcl.TimeProvider": {
        "type": "Transitive",
        "resolved": "8.0.1",
        "contentHash": "C7kWHJnMRY7EvJev2S8+yJHZ1y7A4ZlLbA4NE+O23BDIAN5mHeqND1m+SKv1ChRS5YlCDW7yAMUe7lttRsJaAA=="
      },
      "Microsoft.Extensions.ApiDescription.Server": {
        "type": "Transitive",
        "resolved": "6.0.5",
        "contentHash": "Ckb5EDBUNJdFWyajfXzUIMRkhf52fHZOQuuZg/oiu8y7zDCVwD0iHhew6MnThjHmevanpxL3f5ci2TtHQEN6bw=="
      },
      "Microsoft.FeatureManagement": {
        "type": "Transitive",
        "resolved": "4.5.0",
        "contentHash": "9VBxTZUwna9x31+OmOyX0DTBGEuvVrV81fAZ/XRkLESuDu5EZn/o6W8454NWOPHBIUyTGTMpYOFzI8ArkCNmCg==",
        "dependencies": {
          "Microsoft.Bcl.TimeProvider": "8.0.1"
        }
      },
      "Microsoft.IdentityModel.Abstractions": {
        "type": "Transitive",
        "resolved": "8.14.0",
        "contentHash": "iwbCpSjD3ehfTwBhtSNEtKPK0ICun6ov7Ibx6ISNA9bfwIyzI2Siwyi9eJFCJBwxowK9xcA1mj+jBWiigeqgcQ=="
      },
      "Microsoft.IdentityModel.JsonWebTokens": {
        "type": "Transitive",
        "resolved": "8.14.0",
        "contentHash": "4jOpiA4THdtpLyMdAb24dtj7+6GmvhOhxf5XHLYWmPKF8ApEnApal1UnJsKO4HxUWRXDA6C4WQVfYyqsRhpNpQ==",
        "dependencies": {
          "Microsoft.IdentityModel.Tokens": "8.14.0"
        }
      },
      "Microsoft.IdentityModel.Logging": {
        "type": "Transitive",
        "resolved": "8.14.0",
        "contentHash": "eqqnemdW38CKZEHS6diA50BV94QICozDZEvSrsvN3SJXUFwVB9gy+/oz76gldP7nZliA16IglXjXTCTdmU/Ejg==",
        "dependencies": {
          "Microsoft.IdentityModel.Abstractions": "8.14.0"
        }
      },
      "Microsoft.IdentityModel.Protocols": {
        "type": "Transitive",
        "resolved": "8.0.1",
        "contentHash": "uA2vpKqU3I2mBBEaeJAWPTjT9v1TZrGWKdgK6G5qJd03CLx83kdiqO9cmiK8/n1erkHzFBwU/RphP83aAe3i3g==",
        "dependencies": {
          "Microsoft.IdentityModel.Tokens": "8.0.1"
        }
      },
      "Microsoft.IdentityModel.Protocols.OpenIdConnect": {
        "type": "Transitive",
        "resolved": "8.0.1",
        "contentHash": "AQDbfpL+yzuuGhO/mQhKNsp44pm5Jv8/BI4KiFXR7beVGZoSH35zMV3PrmcfvSTsyI6qrcR898NzUauD6SRigg==",
        "dependencies": {
          "Microsoft.IdentityModel.Protocols": "8.0.1",
          "System.IdentityModel.Tokens.Jwt": "8.0.1"
        }
      },
      "Microsoft.IdentityModel.Protocols.WsTrust": {
        "type": "Transitive",
        "resolved": "6.8.0",
        "contentHash": "KiRRp/pAtbJtyK7wPIiUW1FMna1T0IEizDWFL9R0C60jk6t66U95fo0SPl3ztOkmnS4v7uF1zWjfAEgZ/i+Zhg==",
        "dependencies": {
          "Microsoft.IdentityModel.Tokens.Saml": "6.8.0",
          "Microsoft.IdentityModel.Xml": "6.8.0"
        }
      },
      "Microsoft.IdentityModel.Tokens": {
        "type": "Transitive",
        "resolved": "8.14.0",
        "contentHash": "lKIZiBiGd36k02TCdMHp1KlNWisyIvQxcYJvIkz7P4gSQ9zi8dgh6S5Grj8NNG7HWYIPfQymGyoZ6JB5d1Lo1g==",
        "dependencies": {
          "Microsoft.IdentityModel.Logging": "8.14.0"
        }
      },
      "Microsoft.IdentityModel.Tokens.Saml": {
        "type": "Transitive",
        "resolved": "6.8.0",
        "contentHash": "zRbtJ7Kvr2RMcXi4g4ta3og/wX0GZpLGfb/h7aohwNAaUtCooRpx7Gl8Cv7tn4FDAp6MZwBQL/w0jMeyVTkjPQ==",
        "dependencies": {
          "Microsoft.IdentityModel.Tokens": "6.8.0",
          "Microsoft.IdentityModel.Xml": "6.8.0"
        }
      },
      "Microsoft.IdentityModel.Xml": {
        "type": "Transitive",
        "resolved": "6.8.0",
        "contentHash": "p2DOCNVVOQpxfx9c3FW0kJve2jAAZB/zecWsi9S5fpznbJ/VcH0zxKdz6wIXjDQgwf2xg/u/k58uHiS/o+0qiA==",
        "dependencies": {
          "Microsoft.IdentityModel.Tokens": "6.8.0"
        }
      },
      "Microsoft.OpenApi": {
        "type": "Transitive",
        "resolved": "1.6.22",
        "contentHash": "aBvunmrdu/x+4CaA/UP1Jx4xWGwk4kymhoIRnn2Vp+zi5/KOPQJ9EkSXHRUr01WcGKtYl3Au7XfkPJbU1G2sjQ=="
      },
      "Newtonsoft.Json": {
        "type": "Transitive",
        "resolved": "13.0.3",
        "contentHash": "HrC5BXdl00IP9zeV+0Z848QWPAoCr9P3bDEZguI+gkLcBKAOxix/tLEAAHC+UvDNPv4a2d18lOReHMOagPa+zQ=="
      },
      "SharpZipLib": {
        "type": "Transitive",
        "resolved": "1.4.2",
        "contentHash": "yjj+3zgz8zgXpiiC3ZdF/iyTBbz2fFvMxZFEBPUcwZjIvXOf37Ylm+K58hqMfIBt5JgU/Z2uoUS67JmTLe973A=="
      },
      "SixLabors.Fonts": {
        "type": "Transitive",
        "resolved": "1.0.0-beta17",
        "contentHash": "qubgVovAoSR7vyv9tJ68gSzRIPWz7HBjTM9rwAaLjpcJ6T50arnX+GHAZcC0r2mVagyRMknCNda3DGoe8StUUQ=="
      },
      "Swashbuckle.AspNetCore.Swagger": {
        "type": "Transitive",
        "resolved": "7.1.0",
        "contentHash": "+vzt/nV82YVCJt7GIuRV9xe67dvzrVwqDgO8DiQPmUZwtvtjK4rrb+qnoXbcu90VVaz2xjEK/Ma5/3AVWifSHQ==",
        "dependencies": {
          "Microsoft.OpenApi": "1.6.22"
        }
      },
      "Swashbuckle.AspNetCore.SwaggerGen": {
        "type": "Transitive",
        "resolved": "7.1.0",
        "contentHash": "Nd1O1rVTpeX3U2fr+4FMjTD1BqnGBZcX5t0EkhVBdQWz/anf/68xTpJpAjZ9DS9CVDVKAm7qI6eJmq9psqFpVQ==",
        "dependencies": {
          "Swashbuckle.AspNetCore.Swagger": "7.1.0"
        }
      },
      "Swashbuckle.AspNetCore.SwaggerUI": {
        "type": "Transitive",
        "resolved": "7.1.0",
        "contentHash": "Tn9+gbG2wGekFDcm1+XQXPZoSZWOHn3DiEGaEw3/SMCtKdhkYiejoKpmTzZueKOBQf0Lzgvxs6Lss0WObN0RPA=="
      },
      "System.IdentityModel.Tokens.Jwt": {
        "type": "Transitive",
        "resolved": "8.2.1",
        "contentHash": "GVQmbjr2N8awFWPTWyThLxgKnFINObG1P+oX7vFrBY8um3V7V7Dh3wnxaGxNH6v6lSTeVQrY+SaUUBX9H3TPcw==",
        "dependencies": {
          "Microsoft.IdentityModel.JsonWebTokens": "8.2.1",
          "Microsoft.IdentityModel.Tokens": "8.2.1"
        }
      },
      "System.Security.Cryptography.Pkcs": {
        "type": "Transitive",
        "resolved": "10.0.0",
        "contentHash": "UPWqLSygJlFerRi9XNIuM0a1VC8gHUIufyP24xQ0sc+XimqUAEcjpOz9DhKpyDjH+5B/wO3RpC0KpkEeDj/ddg=="
      },
      "System.ServiceModel.Duplex": {
        "type": "Transitive",
        "resolved": "6.0.0",
        "contentHash": "Gyz/xzC3IdJjDDK9E4ii4MHsDBfQpX1NiO0aANdSJJOnlaxeFu/J8k5RdbRmm0EC8BA/UPHZ9zqQz26gtFeh2Q==",
        "dependencies": {
          "System.ServiceModel.Primitives": "6.0.0"
        }
      },
      "System.ServiceModel.Federation": {
        "type": "Transitive",
        "resolved": "6.0.0",
        "contentHash": "aR25hZ27MhrG6vrjN5Z4N4xfj0wcP2Gey5p5JEAADuw1smtsV621ctg1xekhvTvTTymaQHUpnzy6dJ8Ljm0ukQ==",
        "dependencies": {
          "Microsoft.IdentityModel.Protocols.WsTrust": "6.8.0",
          "System.ServiceModel.Http": "6.0.0",
          "System.ServiceModel.Primitives": "6.0.0"
        }
      },
      "System.ServiceModel.Http": {
        "type": "Transitive",
        "resolved": "6.0.0",
        "contentHash": "hHIv339ehbkFMkZROzSxL9IdG5prE/M1BMQaqBNsFfVOlPVo7prhG/v0G+YKebw2jTp5vJv+JRuzsTQqLmcC7g==",
        "dependencies": {
          "System.ServiceModel.Primitives": "6.0.0"
        }
      },
      "System.ServiceModel.NetFramingBase": {
        "type": "Transitive",
        "resolved": "6.0.0",
        "contentHash": "uQK/VWDyPhTgmiTRUL4XxgMlMpS/i/wZT/igYzZWZYmArliHGZ6gd246bypqEJXVgQ0vSY/pZvZ4FxDn0SHhdg==",
        "dependencies": {
          "System.ServiceModel.Primitives": "6.0.0"
        }
      },
      "System.ServiceModel.NetTcp": {
        "type": "Transitive",
        "resolved": "6.0.0",
        "contentHash": "MddP1r0TCNOM+ZkP0d2yMLD/GqN8n0w/QkenqglhAgziXh6ISswgKdXPMqfD9pZYevZzYbtrNqHmjRqzBJLCSw==",
        "dependencies": {
          "System.ServiceModel.NetFramingBase": "6.0.0",
          "System.ServiceModel.Primitives": "6.0.0"
        }
      },
      "System.ServiceModel.Primitives": {
        "type": "Transitive",
        "resolved": "6.0.0",
        "contentHash": "uGyB5FMdwiBmSgJtB0x9mWUuGYj/RbXjh8I6FtsZmUAVcFc6qjOasHPHnflHUk+Qqbx7cAFugDUa2HFRtDe1QA=="
      },
      "System.ServiceModel.Security": {
        "type": "Transitive",
        "resolved": "6.0.0",
        "contentHash": "r/8fNXE/tzUgglw63px4jGc+Tdm3bh4nsMsAA2OvJYch9s4F243l549kBK9myqUVNp9FqnrTGn/1xNK1vh0LGQ==",
        "dependencies": {
          "System.ServiceModel.Primitives": "6.0.0"
        }
      },
      "epay3service": {
        "type": "Project",
        "dependencies": {
          "AutoMapper": "[16.1.1, )",
          "HtmlSanitizer": "[9.1.973, )",
          "MailKit": "[4.16.0, )",
          "Newtonsoft.Json": "[13.0.3, )",
          "System.IdentityModel.Tokens.Jwt": "[8.2.1, )",
          "System.ServiceModel.Duplex": "[6.0.*, )",
          "System.ServiceModel.Federation": "[6.0.*, )",
          "System.ServiceModel.Http": "[6.0.*, )",
          "System.ServiceModel.NetTcp": "[6.0.*, )",
          "System.ServiceModel.Security": "[6.0.*, )"
        }
      }
    }
  }
}